// !$*UTF8*$!
{
	archiveVersion = 1;
	classes = {
	};
	objectVersion = 50;
	objects = {

/* Begin PBXBuildFile section */
		852DEF0825A795AB00092B5C /* cruiser.obj in Resources */ = {isa = PBXBuildFile; fileRef = 852DEF0525A795AB00092B5C /* cruiser.obj */; };
		852DEF0925A795AB00092B5C /* cruiser.obj in Resources */ = {isa = PBXBuildFile; fileRef = 852DEF0525A795AB00092B5C /* cruiser.obj */; };
		852DEF0A25A795AB00092B5C /* cruiser.bmp in Resources */ = {isa = PBXBuildFile; fileRef = 852DEF0625A795AB00092B5C /* cruiser.bmp */; };
		852DEF0B25A795AB00092B5C /* cruiser.bmp in Resources */ = {isa = PBXBuildFile; fileRef = 852DEF0625A795AB00092B5C /* cruiser.bmp */; };
		852DEF0C25A795AB00092B5C /* cruiser.mtl in Resources */ = {isa = PBXBuildFile; fileRef = 852DEF0725A795AB00092B5C /* cruiser.mtl */; };
		852DEF0D25A795AB00092B5C /* cruiser.mtl in Resources */ = {isa = PBXBuildFile; fileRef = 852DEF0725A795AB00092B5C /* cruiser.mtl */; };
		852DEF1425A795B700092B5C /* bmw.obj in Resources */ = {isa = PBXBuildFile; fileRef = 852DEF1225A795B700092B5C /* bmw.obj */; };
		852DEF1525A795B700092B5C /* bmw.obj in Resources */ = {isa = PBXBuildFile; fileRef = 852DEF1225A795B700092B5C /* bmw.obj */; };
		852DEF1625A795B700092B5C /* bmw.mtl in Resources */ = {isa = PBXBuildFile; fileRef = 852DEF1325A795B700092B5C /* bmw.mtl */; };
		852DEF1725A795B700092B5C /* bmw.mtl in Resources */ = {isa = PBXBuildFile; fileRef = 852DEF1325A795B700092B5C /* bmw.mtl */; };
		852DEF1D25A795D100092B5C /* CustomMesh.swift in Sources */ = {isa = PBXBuildFile; fileRef = 852DEF1C25A795D100092B5C /* CustomMesh.swift */; };
		852DEF1E25A795D100092B5C /* CustomMesh.swift in Sources */ = {isa = PBXBuildFile; fileRef = 852DEF1C25A795D100092B5C /* CustomMesh.swift */; };
		858D5C9025A396A9007FF1D9 /* ControllableNode.swift in Sources */ = {isa = PBXBuildFile; fileRef = 858D5C8F25A396A9007FF1D9 /* ControllableNode.swift */; };
		858D5C9125A396A9007FF1D9 /* ControllableNode.swift in Sources */ = {isa = PBXBuildFile; fileRef = 858D5C8F25A396A9007FF1D9 /* ControllableNode.swift */; };
		858D5C9725A3AFB0007FF1D9 /* Keycode.swift in Sources */ = {isa = PBXBuildFile; fileRef = 858D5C9625A3AFB0007FF1D9 /* Keycode.swift */; };
		858D5C9825A3AFB0007FF1D9 /* Keycode.swift in Sources */ = {isa = PBXBuildFile; fileRef = 858D5C9625A3AFB0007FF1D9 /* Keycode.swift */; };
		858D5C9E25A51866007FF1D9 /* SquareObject.swift in Sources */ = {isa = PBXBuildFile; fileRef = 858D5C9D25A51866007FF1D9 /* SquareObject.swift */; };
		858D5C9F25A51866007FF1D9 /* SquareObject.swift in Sources */ = {isa = PBXBuildFile; fileRef = 858D5C9D25A51866007FF1D9 /* SquareObject.swift */; };
		858D5CA525A51FE6007FF1D9 /* Material.swift in Sources */ = {isa = PBXBuildFile; fileRef = 858D5CA425A51FE6007FF1D9 /* Material.swift */; };
		858D5CA625A51FE6007FF1D9 /* Material.swift in Sources */ = {isa = PBXBuildFile; fileRef = 858D5CA425A51FE6007FF1D9 /* Material.swift */; };
		858D5CAC25A52E8D007FF1D9 /* no_cover.png in Resources */ = {isa = PBXBuildFile; fileRef = 858D5CAB25A52E8D007FF1D9 /* no_cover.png */; };
		858D5CAD25A52E8D007FF1D9 /* no_cover.png in Resources */ = {isa = PBXBuildFile; fileRef = 858D5CAB25A52E8D007FF1D9 /* no_cover.png */; };
		858D5CB725A658EF007FF1D9 /* InstancedPawns.swift in Sources */ = {isa = PBXBuildFile; fileRef = 858D5CB625A658EF007FF1D9 /* InstancedPawns.swift */; };
		858D5CB825A658EF007FF1D9 /* InstancedPawns.swift in Sources */ = {isa = PBXBuildFile; fileRef = 858D5CB625A658EF007FF1D9 /* InstancedPawns.swift */; };
		96010FFB2593D23500F7BAA6 /* float4x4+Extension.swift in Sources */ = {isa = PBXBuildFile; fileRef = 96010FFA2593D23500F7BAA6 /* float4x4+Extension.swift */; };
		96010FFC2593D23500F7BAA6 /* float4x4+Extension.swift in Sources */ = {isa = PBXBuildFile; fileRef = 96010FFA2593D23500F7BAA6 /* float4x4+Extension.swift */; };
		960110022593DFE300F7BAA6 /* MeshCoords+Extension.swift in Sources */ = {isa = PBXBuildFile; fileRef = 960110012593DFE300F7BAA6 /* MeshCoords+Extension.swift */; };
		960110032593DFE300F7BAA6 /* MeshCoords+Extension.swift in Sources */ = {isa = PBXBuildFile; fileRef = 960110012593DFE300F7BAA6 /* MeshCoords+Extension.swift */; };
		960110092593FD5200F7BAA6 /* particles.metal in Sources */ = {isa = PBXBuildFile; fileRef = 960110082593FD5200F7BAA6 /* particles.metal */; };
		9601100A2593FD5200F7BAA6 /* particles.metal in Sources */ = {isa = PBXBuildFile; fileRef = 960110082593FD5200F7BAA6 /* particles.metal */; };
		960110102594032000F7BAA6 /* MetalParticle.swift in Sources */ = {isa = PBXBuildFile; fileRef = 9601100F2594032000F7BAA6 /* MetalParticle.swift */; };
		960110112594032000F7BAA6 /* MetalParticle.swift in Sources */ = {isa = PBXBuildFile; fileRef = 9601100F2594032000F7BAA6 /* MetalParticle.swift */; };
		9601102C2594B30500F7BAA6 /* CubeObject.swift in Sources */ = {isa = PBXBuildFile; fileRef = 9601102B2594B30500F7BAA6 /* CubeObject.swift */; };
		9601102D2594B30500F7BAA6 /* CubeObject.swift in Sources */ = {isa = PBXBuildFile; fileRef = 9601102B2594B30500F7BAA6 /* CubeObject.swift */; };
		960110332594B41800F7BAA6 /* Math.swift in Sources */ = {isa = PBXBuildFile; fileRef = 960110322594B41800F7BAA6 /* Math.swift */; };
		960110342594B41800F7BAA6 /* Math.swift in Sources */ = {isa = PBXBuildFile; fileRef = 960110322594B41800F7BAA6 /* Math.swift */; };
		9603CFCB25937040008FC87F /* MetalSizable.swift in Sources */ = {isa = PBXBuildFile; fileRef = 9603CFCA25937040008FC87F /* MetalSizable.swift */; };
		9603CFCC25937040008FC87F /* MetalSizable.swift in Sources */ = {isa = PBXBuildFile; fileRef = 9603CFCA25937040008FC87F /* MetalSizable.swift */; };
		9603CFD625937168008FC87F /* SIMD+Extension.swift in Sources */ = {isa = PBXBuildFile; fileRef = 9603CFD525937168008FC87F /* SIMD+Extension.swift */; };
		9603CFD725937168008FC87F /* SIMD+Extension.swift in Sources */ = {isa = PBXBuildFile; fileRef = 9603CFD525937168008FC87F /* SIMD+Extension.swift */; };
		9610A7F62591547D00605E51 /* shader.metal in Sources */ = {isa = PBXBuildFile; fileRef = 9610A7F52591547D00605E51 /* shader.metal */; };
		9610A7F72591547D00605E51 /* shader.metal in Sources */ = {isa = PBXBuildFile; fileRef = 9610A7F52591547D00605E51 /* shader.metal */; };
		9610A7FD2591D7E000605E51 /* files.xcassets in Resources */ = {isa = PBXBuildFile; fileRef = 9610A7FC2591D7DF00605E51 /* files.xcassets */; };
		9610A7FE2591D7E000605E51 /* files.xcassets in Resources */ = {isa = PBXBuildFile; fileRef = 9610A7FC2591D7DF00605E51 /* files.xcassets */; };
		9610A8052591D81B00605E51 /* VideoPlaybackService.swift in Sources */ = {isa = PBXBuildFile; fileRef = 9610A8042591D81B00605E51 /* VideoPlaybackService.swift */; };
		9610A8062591D81B00605E51 /* VideoPlaybackService.swift in Sources */ = {isa = PBXBuildFile; fileRef = 9610A8042591D81B00605E51 /* VideoPlaybackService.swift */; };
		9610A8212591E3E300605E51 /* videoplayback.mp4 in Resources */ = {isa = PBXBuildFile; fileRef = 9610A8202591E3E300605E51 /* videoplayback.mp4 */; };
		9610A8222591E3E300605E51 /* videoplayback.mp4 in Resources */ = {isa = PBXBuildFile; fileRef = 9610A8202591E3E300605E51 /* videoplayback.mp4 */; };
		9610A8292592005F00605E51 /* VideoRenderView.swift in Sources */ = {isa = PBXBuildFile; fileRef = 9610A8282592005F00605E51 /* VideoRenderView.swift */; };
		9610A82A2592005F00605E51 /* VideoRenderView.swift in Sources */ = {isa = PBXBuildFile; fileRef = 9610A8282592005F00605E51 /* VideoRenderView.swift */; };
		9610A8302592B8F500605E51 /* Renderer.swift in Sources */ = {isa = PBXBuildFile; fileRef = 9610A82F2592B8F500605E51 /* Renderer.swift */; };
		9610A8312592B8F500605E51 /* Renderer.swift in Sources */ = {isa = PBXBuildFile; fileRef = 9610A82F2592B8F500605E51 /* Renderer.swift */; };
		9610A8382592BE1B00605E51 /* DefaultMetalPreview.swift in Sources */ = {isa = PBXBuildFile; fileRef = 9610A8372592BE1B00605E51 /* DefaultMetalPreview.swift */; };
		9610A8392592BE1B00605E51 /* DefaultMetalPreview.swift in Sources */ = {isa = PBXBuildFile; fileRef = 9610A8372592BE1B00605E51 /* DefaultMetalPreview.swift */; };
		9610A8432592BF4A00605E51 /* MetalDefaultView.swift in Sources */ = {isa = PBXBuildFile; fileRef = 9610A8422592BF4A00605E51 /* MetalDefaultView.swift */; };
		9610A8442592BF4A00605E51 /* MetalDefaultView.swift in Sources */ = {isa = PBXBuildFile; fileRef = 9610A8422592BF4A00605E51 /* MetalDefaultView.swift */; };
		961D3D3425915064004B87A7 /* MetalView.swift in Sources */ = {isa = PBXBuildFile; fileRef = 961D3D3325915064004B87A7 /* MetalView.swift */; };
		961D3D3525915064004B87A7 /* MetalView.swift in Sources */ = {isa = PBXBuildFile; fileRef = 961D3D3325915064004B87A7 /* MetalView.swift */; };
		9640DE83259375A900BCF32A /* Engine.swift in Sources */ = {isa = PBXBuildFile; fileRef = 9640DE82259375A900BCF32A /* Engine.swift */; };
		9640DE84259375A900BCF32A /* Engine.swift in Sources */ = {isa = PBXBuildFile; fileRef = 9640DE82259375A900BCF32A /* Engine.swift */; };
		9640DE8E25937E5E00BCF32A /* Float+Extension.swift in Sources */ = {isa = PBXBuildFile; fileRef = 9640DE8D25937E5E00BCF32A /* Float+Extension.swift */; };
		9640DE8F25937E5E00BCF32A /* Float+Extension.swift in Sources */ = {isa = PBXBuildFile; fileRef = 9640DE8D25937E5E00BCF32A /* Float+Extension.swift */; };
		9640DE9625938AD000BCF32A /* GameObject.swift in Sources */ = {isa = PBXBuildFile; fileRef = 9640DE9525938AD000BCF32A /* GameObject.swift */; };
		9640DE9725938AD000BCF32A /* GameObject.swift in Sources */ = {isa = PBXBuildFile; fileRef = 9640DE9525938AD000BCF32A /* GameObject.swift */; };
		965BF02125957B4D00E89621 /* replace.png in Resources */ = {isa = PBXBuildFile; fileRef = 965BF02025957B4D00E89621 /* replace.png */; };
		965BF02225957B4D00E89621 /* replace.png in Resources */ = {isa = PBXBuildFile; fileRef = 965BF02025957B4D00E89621 /* replace.png */; };
		968A71D625A2807D008843A5 /* VideoTexture.swift in Sources */ = {isa = PBXBuildFile; fileRef = 968A71D525A2807D008843A5 /* VideoTexture.swift */; };
		968A71D725A2807D008843A5 /* VideoTexture.swift in Sources */ = {isa = PBXBuildFile; fileRef = 968A71D525A2807D008843A5 /* VideoTexture.swift */; };
		968A71E125A285C2008843A5 /* Node.swift in Sources */ = {isa = PBXBuildFile; fileRef = 968A71E025A285C2008843A5 /* Node.swift */; };
		968A71E225A285C2008843A5 /* Node.swift in Sources */ = {isa = PBXBuildFile; fileRef = 968A71E025A285C2008843A5 /* Node.swift */; };
		968A71E925A285E6008843A5 /* Scene.swift in Sources */ = {isa = PBXBuildFile; fileRef = 968A71E825A285E6008843A5 /* Scene.swift */; };
		968A71EA25A285E6008843A5 /* Scene.swift in Sources */ = {isa = PBXBuildFile; fileRef = 968A71E825A285E6008843A5 /* Scene.swift */; };
		968A71F025A28612008843A5 /* MainCamera.swift in Sources */ = {isa = PBXBuildFile; fileRef = 968A71EF25A28612008843A5 /* MainCamera.swift */; };
		968A71F125A28612008843A5 /* MainCamera.swift in Sources */ = {isa = PBXBuildFile; fileRef = 968A71EF25A28612008843A5 /* MainCamera.swift */; };
		968A71F725A28916008843A5 /* GLKMatrix4+Extension.swift in Sources */ = {isa = PBXBuildFile; fileRef = 968A71F625A28916008843A5 /* GLKMatrix4+Extension.swift */; };
		968A71F825A28916008843A5 /* GLKMatrix4+Extension.swift in Sources */ = {isa = PBXBuildFile; fileRef = 968A71F625A28916008843A5 /* GLKMatrix4+Extension.swift */; };
		968A71FE25A28CE1008843A5 /* GeneralProtos.swift in Sources */ = {isa = PBXBuildFile; fileRef = 968A71FD25A28CE1008843A5 /* GeneralProtos.swift */; };
		968A71FF25A28CE1008843A5 /* GeneralProtos.swift in Sources */ = {isa = PBXBuildFile; fileRef = 968A71FD25A28CE1008843A5 /* GeneralProtos.swift */; };
		968A720525A294C4008843A5 /* Uniforms.swift in Sources */ = {isa = PBXBuildFile; fileRef = 968A720425A294C4008843A5 /* Uniforms.swift */; };
		968A720625A294C4008843A5 /* Uniforms.swift in Sources */ = {isa = PBXBuildFile; fileRef = 968A720425A294C4008843A5 /* Uniforms.swift */; };
		96D2D3C12595376000907F16 /* BufferManager.swift in Sources */ = {isa = PBXBuildFile; fileRef = 96D2D3C02595376000907F16 /* BufferManager.swift */; };
		96D2D3C22595376000907F16 /* BufferManager.swift in Sources */ = {isa = PBXBuildFile; fileRef = 96D2D3C02595376000907F16 /* BufferManager.swift */; };
		96E67BCD25912B1E00080323 /* Tests_iOS.swift in Sources */ = {isa = PBXBuildFile; fileRef = 96E67BCC25912B1E00080323 /* Tests_iOS.swift */; };
		96E67BD825912B1E00080323 /* Tests_macOS.swift in Sources */ = {isa = PBXBuildFile; fileRef = 96E67BD725912B1E00080323 /* Tests_macOS.swift */; };
		96E67BDA25912B1E00080323 /* ProjectExamples.xcdatamodeld in Sources */ = {isa = PBXBuildFile; fileRef = 96E67BAE25912B1B00080323 /* ProjectExamples.xcdatamodeld */; };
		96E67BDB25912B1E00080323 /* ProjectExamples.xcdatamodeld in Sources */ = {isa = PBXBuildFile; fileRef = 96E67BAE25912B1B00080323 /* ProjectExamples.xcdatamodeld */; };
		96E67BDC25912B1E00080323 /* ProjectExamplesApp.swift in Sources */ = {isa = PBXBuildFile; fileRef = 96E67BB025912B1B00080323 /* ProjectExamplesApp.swift */; };
		96E67BDD25912B1E00080323 /* ProjectExamplesApp.swift in Sources */ = {isa = PBXBuildFile; fileRef = 96E67BB025912B1B00080323 /* ProjectExamplesApp.swift */; };
		96E67BDE25912B1E00080323 /* ContentView.swift in Sources */ = {isa = PBXBuildFile; fileRef = 96E67BB125912B1B00080323 /* ContentView.swift */; };
		96E67BDF25912B1E00080323 /* ContentView.swift in Sources */ = {isa = PBXBuildFile; fileRef = 96E67BB125912B1B00080323 /* ContentView.swift */; };
		96E67BE025912B1E00080323 /* Persistence.swift in Sources */ = {isa = PBXBuildFile; fileRef = 96E67BB225912B1B00080323 /* Persistence.swift */; };
		96E67BE125912B1E00080323 /* Persistence.swift in Sources */ = {isa = PBXBuildFile; fileRef = 96E67BB225912B1B00080323 /* Persistence.swift */; };
		96E67BE225912B1E00080323 /* Assets.xcassets in Resources */ = {isa = PBXBuildFile; fileRef = 96E67BB325912B1E00080323 /* Assets.xcassets */; };
		96E67BE325912B1E00080323 /* Assets.xcassets in Resources */ = {isa = PBXBuildFile; fileRef = 96E67BB325912B1E00080323 /* Assets.xcassets */; };
		96E67C0325912C4400080323 /* MainView.swift in Sources */ = {isa = PBXBuildFile; fileRef = 96E67C0225912C4400080323 /* MainView.swift */; };
		96E67C0425912C4400080323 /* MainView.swift in Sources */ = {isa = PBXBuildFile; fileRef = 96E67C0225912C4400080323 /* MainView.swift */; };
		96E67C0A25912C7200080323 /* ItemView.swift in Sources */ = {isa = PBXBuildFile; fileRef = 96E67C0925912C7200080323 /* ItemView.swift */; };
		96E67C0B25912C7200080323 /* ItemView.swift in Sources */ = {isa = PBXBuildFile; fileRef = 96E67C0925912C7200080323 /* ItemView.swift */; };
		96E67C182591396400080323 /* ListViewModel.swift in Sources */ = {isa = PBXBuildFile; fileRef = 96E67C172591396400080323 /* ListViewModel.swift */; };
		96E67C192591396400080323 /* ListViewModel.swift in Sources */ = {isa = PBXBuildFile; fileRef = 96E67C172591396400080323 /* ListViewModel.swift */; };
/* End PBXBuildFile section */

/* Begin PBXContainerItemProxy section */
		96E67BC925912B1E00080323 /* PBXContainerItemProxy */ = {
			isa = PBXContainerItemProxy;
			containerPortal = 96E67BA925912B1B00080323 /* Project object */;
			proxyType = 1;
			remoteGlobalIDString = 96E67BB725912B1E00080323;
			remoteInfo = "ProjectExamples (iOS)";
		};
		96E67BD425912B1E00080323 /* PBXContainerItemProxy */ = {
			isa = PBXContainerItemProxy;
			containerPortal = 96E67BA925912B1B00080323 /* Project object */;
			proxyType = 1;
			remoteGlobalIDString = 96E67BBF25912B1E00080323;
			remoteInfo = "ProjectExamples (macOS)";
		};
/* End PBXContainerItemProxy section */

/* Begin PBXFileReference section */
		852DEF0525A795AB00092B5C /* cruiser.obj */ = {isa = PBXFileReference; fileEncoding = 4; lastKnownFileType = text; path = cruiser.obj; sourceTree = "<group>"; };
		852DEF0625A795AB00092B5C /* cruiser.bmp */ = {isa = PBXFileReference; lastKnownFileType = image.bmp; path = cruiser.bmp; sourceTree = "<group>"; };
		852DEF0725A795AB00092B5C /* cruiser.mtl */ = {isa = PBXFileReference; fileEncoding = 4; lastKnownFileType = text; path = cruiser.mtl; sourceTree = "<group>"; };
		852DEF1225A795B700092B5C /* bmw.obj */ = {isa = PBXFileReference; fileEncoding = 4; lastKnownFileType = text; path = bmw.obj; sourceTree = "<group>"; };
		852DEF1325A795B700092B5C /* bmw.mtl */ = {isa = PBXFileReference; fileEncoding = 4; lastKnownFileType = text; path = bmw.mtl; sourceTree = "<group>"; };
		852DEF1C25A795D100092B5C /* CustomMesh.swift */ = {isa = PBXFileReference; lastKnownFileType = sourcecode.swift; path = CustomMesh.swift; sourceTree = "<group>"; };
		858D5C8F25A396A9007FF1D9 /* ControllableNode.swift */ = {isa = PBXFileReference; lastKnownFileType = sourcecode.swift; path = ControllableNode.swift; sourceTree = "<group>"; };
		858D5C9625A3AFB0007FF1D9 /* Keycode.swift */ = {isa = PBXFileReference; lastKnownFileType = sourcecode.swift; path = Keycode.swift; sourceTree = "<group>"; };
		858D5C9D25A51866007FF1D9 /* SquareObject.swift */ = {isa = PBXFileReference; lastKnownFileType = sourcecode.swift; path = SquareObject.swift; sourceTree = "<group>"; };
		858D5CA425A51FE6007FF1D9 /* Material.swift */ = {isa = PBXFileReference; lastKnownFileType = sourcecode.swift; path = Material.swift; sourceTree = "<group>"; };
		858D5CAB25A52E8D007FF1D9 /* no_cover.png */ = {isa = PBXFileReference; lastKnownFileType = image.png; path = no_cover.png; sourceTree = "<group>"; };
		858D5CB625A658EF007FF1D9 /* InstancedPawns.swift */ = {isa = PBXFileReference; lastKnownFileType = sourcecode.swift; path = InstancedPawns.swift; sourceTree = "<group>"; };
		96010FFA2593D23500F7BAA6 /* float4x4+Extension.swift */ = {isa = PBXFileReference; lastKnownFileType = sourcecode.swift; path = "float4x4+Extension.swift"; sourceTree = "<group>"; };
		960110012593DFE300F7BAA6 /* MeshCoords+Extension.swift */ = {isa = PBXFileReference; lastKnownFileType = sourcecode.swift; path = "MeshCoords+Extension.swift"; sourceTree = "<group>"; };
		960110082593FD5200F7BAA6 /* particles.metal */ = {isa = PBXFileReference; lastKnownFileType = sourcecode.metal; path = particles.metal; sourceTree = "<group>"; };
		9601100F2594032000F7BAA6 /* MetalParticle.swift */ = {isa = PBXFileReference; lastKnownFileType = sourcecode.swift; path = MetalParticle.swift; sourceTree = "<group>"; };
		9601102B2594B30500F7BAA6 /* CubeObject.swift */ = {isa = PBXFileReference; lastKnownFileType = sourcecode.swift; path = CubeObject.swift; sourceTree = "<group>"; };
		960110322594B41800F7BAA6 /* Math.swift */ = {isa = PBXFileReference; lastKnownFileType = sourcecode.swift; path = Math.swift; sourceTree = "<group>"; };
		9603CFCA25937040008FC87F /* MetalSizable.swift */ = {isa = PBXFileReference; lastKnownFileType = sourcecode.swift; path = MetalSizable.swift; sourceTree = "<group>"; };
		9603CFD525937168008FC87F /* SIMD+Extension.swift */ = {isa = PBXFileReference; lastKnownFileType = sourcecode.swift; path = "SIMD+Extension.swift"; sourceTree = "<group>"; };
		9610A7F52591547D00605E51 /* shader.metal */ = {isa = PBXFileReference; lastKnownFileType = sourcecode.metal; path = shader.metal; sourceTree = "<group>"; };
		9610A7FC2591D7DF00605E51 /* files.xcassets */ = {isa = PBXFileReference; lastKnownFileType = folder.assetcatalog; path = files.xcassets; sourceTree = "<group>"; };
		9610A8042591D81B00605E51 /* VideoPlaybackService.swift */ = {isa = PBXFileReference; lastKnownFileType = sourcecode.swift; path = VideoPlaybackService.swift; sourceTree = "<group>"; };
		9610A8202591E3E300605E51 /* videoplayback.mp4 */ = {isa = PBXFileReference; lastKnownFileType = file; path = videoplayback.mp4; sourceTree = "<group>"; };
		9610A8282592005F00605E51 /* VideoRenderView.swift */ = {isa = PBXFileReference; lastKnownFileType = sourcecode.swift; path = VideoRenderView.swift; sourceTree = "<group>"; };
		9610A82F2592B8F500605E51 /* Renderer.swift */ = {isa = PBXFileReference; lastKnownFileType = sourcecode.swift; path = Renderer.swift; sourceTree = "<group>"; };
		9610A8372592BE1B00605E51 /* DefaultMetalPreview.swift */ = {isa = PBXFileReference; lastKnownFileType = sourcecode.swift; path = DefaultMetalPreview.swift; sourceTree = "<group>"; };
		9610A8422592BF4A00605E51 /* MetalDefaultView.swift */ = {isa = PBXFileReference; lastKnownFileType = sourcecode.swift; path = MetalDefaultView.swift; sourceTree = "<group>"; };
		961D3D3325915064004B87A7 /* MetalView.swift */ = {isa = PBXFileReference; lastKnownFileType = sourcecode.swift; path = MetalView.swift; sourceTree = "<group>"; };
		9640DE82259375A900BCF32A /* Engine.swift */ = {isa = PBXFileReference; lastKnownFileType = sourcecode.swift; path = Engine.swift; sourceTree = "<group>"; };
		9640DE8D25937E5E00BCF32A /* Float+Extension.swift */ = {isa = PBXFileReference; lastKnownFileType = sourcecode.swift; path = "Float+Extension.swift"; sourceTree = "<group>"; };
		9640DE9525938AD000BCF32A /* GameObject.swift */ = {isa = PBXFileReference; lastKnownFileType = sourcecode.swift; path = GameObject.swift; sourceTree = "<group>"; };
		965BF02025957B4D00E89621 /* replace.png */ = {isa = PBXFileReference; lastKnownFileType = image.png; path = replace.png; sourceTree = "<group>"; };
		968A71D525A2807D008843A5 /* VideoTexture.swift */ = {isa = PBXFileReference; lastKnownFileType = sourcecode.swift; path = VideoTexture.swift; sourceTree = "<group>"; };
		968A71E025A285C2008843A5 /* Node.swift */ = {isa = PBXFileReference; lastKnownFileType = sourcecode.swift; path = Node.swift; sourceTree = "<group>"; };
		968A71E825A285E6008843A5 /* Scene.swift */ = {isa = PBXFileReference; lastKnownFileType = sourcecode.swift; path = Scene.swift; sourceTree = "<group>"; };
		968A71EF25A28612008843A5 /* MainCamera.swift */ = {isa = PBXFileReference; lastKnownFileType = sourcecode.swift; path = MainCamera.swift; sourceTree = "<group>"; };
		968A71F625A28916008843A5 /* GLKMatrix4+Extension.swift */ = {isa = PBXFileReference; lastKnownFileType = sourcecode.swift; path = "GLKMatrix4+Extension.swift"; sourceTree = "<group>"; };
		968A71FD25A28CE1008843A5 /* GeneralProtos.swift */ = {isa = PBXFileReference; lastKnownFileType = sourcecode.swift; path = GeneralProtos.swift; sourceTree = "<group>"; };
		968A720425A294C4008843A5 /* Uniforms.swift */ = {isa = PBXFileReference; lastKnownFileType = sourcecode.swift; path = Uniforms.swift; sourceTree = "<group>"; };
		96D2D3C02595376000907F16 /* BufferManager.swift */ = {isa = PBXFileReference; lastKnownFileType = sourcecode.swift; path = BufferManager.swift; sourceTree = "<group>"; };
		96E67BAF25912B1B00080323 /* Shared.xcdatamodel */ = {isa = PBXFileReference; lastKnownFileType = wrapper.xcdatamodel; path = Shared.xcdatamodel; sourceTree = "<group>"; };
		96E67BB025912B1B00080323 /* ProjectExamplesApp.swift */ = {isa = PBXFileReference; lastKnownFileType = sourcecode.swift; path = ProjectExamplesApp.swift; sourceTree = "<group>"; };
		96E67BB125912B1B00080323 /* ContentView.swift */ = {isa = PBXFileReference; lastKnownFileType = sourcecode.swift; path = ContentView.swift; sourceTree = "<group>"; };
		96E67BB225912B1B00080323 /* Persistence.swift */ = {isa = PBXFileReference; lastKnownFileType = sourcecode.swift; path = Persistence.swift; sourceTree = "<group>"; };
		96E67BB325912B1E00080323 /* Assets.xcassets */ = {isa = PBXFileReference; lastKnownFileType = folder.assetcatalog; path = Assets.xcassets; sourceTree = "<group>"; };
		96E67BB825912B1E00080323 /* ProjectExamples.app */ = {isa = PBXFileReference; explicitFileType = wrapper.application; includeInIndex = 0; path = ProjectExamples.app; sourceTree = BUILT_PRODUCTS_DIR; };
		96E67BBB25912B1E00080323 /* Info.plist */ = {isa = PBXFileReference; lastKnownFileType = text.plist.xml; path = Info.plist; sourceTree = "<group>"; };
		96E67BC025912B1E00080323 /* ProjectExamples.app */ = {isa = PBXFileReference; explicitFileType = wrapper.application; includeInIndex = 0; path = ProjectExamples.app; sourceTree = BUILT_PRODUCTS_DIR; };
		96E67BC225912B1E00080323 /* Info.plist */ = {isa = PBXFileReference; lastKnownFileType = text.plist.xml; path = Info.plist; sourceTree = "<group>"; };
		96E67BC325912B1E00080323 /* macOS.entitlements */ = {isa = PBXFileReference; lastKnownFileType = text.plist.entitlements; path = macOS.entitlements; sourceTree = "<group>"; };
		96E67BC825912B1E00080323 /* Tests iOS.xctest */ = {isa = PBXFileReference; explicitFileType = wrapper.cfbundle; includeInIndex = 0; path = "Tests iOS.xctest"; sourceTree = BUILT_PRODUCTS_DIR; };
		96E67BCC25912B1E00080323 /* Tests_iOS.swift */ = {isa = PBXFileReference; lastKnownFileType = sourcecode.swift; path = Tests_iOS.swift; sourceTree = "<group>"; };
		96E67BCE25912B1E00080323 /* Info.plist */ = {isa = PBXFileReference; lastKnownFileType = text.plist.xml; path = Info.plist; sourceTree = "<group>"; };
		96E67BD325912B1E00080323 /* Tests macOS.xctest */ = {isa = PBXFileReference; explicitFileType = wrapper.cfbundle; includeInIndex = 0; path = "Tests macOS.xctest"; sourceTree = BUILT_PRODUCTS_DIR; };
		96E67BD725912B1E00080323 /* Tests_macOS.swift */ = {isa = PBXFileReference; lastKnownFileType = sourcecode.swift; path = Tests_macOS.swift; sourceTree = "<group>"; };
		96E67BD925912B1E00080323 /* Info.plist */ = {isa = PBXFileReference; lastKnownFileType = text.plist.xml; path = Info.plist; sourceTree = "<group>"; };
		96E67C0225912C4400080323 /* MainView.swift */ = {isa = PBXFileReference; lastKnownFileType = sourcecode.swift; path = MainView.swift; sourceTree = "<group>"; };
		96E67C0925912C7200080323 /* ItemView.swift */ = {isa = PBXFileReference; lastKnownFileType = sourcecode.swift; path = ItemView.swift; sourceTree = "<group>"; };
		96E67C172591396400080323 /* ListViewModel.swift */ = {isa = PBXFileReference; lastKnownFileType = sourcecode.swift; path = ListViewModel.swift; sourceTree = "<group>"; };
/* End PBXFileReference section */

/* Begin PBXFrameworksBuildPhase section */
		96E67BB525912B1E00080323 /* Frameworks */ = {
			isa = PBXFrameworksBuildPhase;
			buildActionMask = 2147483647;
			files = (
			);
			runOnlyForDeploymentPostprocessing = 0;
		};
		96E67BBD25912B1E00080323 /* Frameworks */ = {
			isa = PBXFrameworksBuildPhase;
			buildActionMask = 2147483647;
			files = (
			);
			runOnlyForDeploymentPostprocessing = 0;
		};
		96E67BC525912B1E00080323 /* Frameworks */ = {
			isa = PBXFrameworksBuildPhase;
			buildActionMask = 2147483647;
			files = (
			);
			runOnlyForDeploymentPostprocessing = 0;
		};
		96E67BD025912B1E00080323 /* Frameworks */ = {
			isa = PBXFrameworksBuildPhase;
			buildActionMask = 2147483647;
			files = (
			);
			runOnlyForDeploymentPostprocessing = 0;
		};
/* End PBXFrameworksBuildPhase section */

/* Begin PBXGroup section */
		852DEF0225A7956700092B5C /* SingleCubeExample */ = {
			isa = PBXGroup;
			children = (
				858D5C8F25A396A9007FF1D9 /* ControllableNode.swift */,
			);
			path = SingleCubeExample;
			sourceTree = "<group>";
		};
		852DEF0325A7957600092B5C /* MultipleInstancedCubes */ = {
			isa = PBXGroup;
			children = (
				858D5CB625A658EF007FF1D9 /* InstancedPawns.swift */,
			);
			path = MultipleInstancedCubes;
			sourceTree = "<group>";
		};
		852DEF0425A7958A00092B5C /* 3dObject */ = {
			isa = PBXGroup;
			children = (
				852DEF1325A795B700092B5C /* bmw.mtl */,
				852DEF1225A795B700092B5C /* bmw.obj */,
				852DEF0625A795AB00092B5C /* cruiser.bmp */,
				852DEF0725A795AB00092B5C /* cruiser.mtl */,
				852DEF0525A795AB00092B5C /* cruiser.obj */,
				852DEF1C25A795D100092B5C /* CustomMesh.swift */,
			);
			path = 3dObject;
			sourceTree = "<group>";
		};
		9603CFC825937004008FC87F /* Utils */ = {
			isa = PBXGroup;
			children = (
				858D5C9625A3AFB0007FF1D9 /* Keycode.swift */,
				9603CFCA25937040008FC87F /* MetalSizable.swift */,
				9603CFD525937168008FC87F /* SIMD+Extension.swift */,
				9640DE8D25937E5E00BCF32A /* Float+Extension.swift */,
				96010FFA2593D23500F7BAA6 /* float4x4+Extension.swift */,
				960110012593DFE300F7BAA6 /* MeshCoords+Extension.swift */,
				960110322594B41800F7BAA6 /* Math.swift */,
				968A71F625A28916008843A5 /* GLKMatrix4+Extension.swift */,
				968A71FD25A28CE1008843A5 /* GeneralProtos.swift */,
			);
			path = Utils;
			sourceTree = "<group>";
		};
		9610A7F42591546A00605E51 /* Shader */ = {
			isa = PBXGroup;
			children = (
				960110082593FD5200F7BAA6 /* particles.metal */,
			);
			path = Shader;
			sourceTree = "<group>";
		};
		9610A8032591D80600605E51 /* Service */ = {
			isa = PBXGroup;
			children = (
				9610A8042591D81B00605E51 /* VideoPlaybackService.swift */,
			);
			path = Service;
			sourceTree = "<group>";
		};
		9610A8272592004200605E51 /* Custom */ = {
			isa = PBXGroup;
			children = (
				852DEF0425A7958A00092B5C /* 3dObject */,
				852DEF0325A7957600092B5C /* MultipleInstancedCubes */,
				852DEF0225A7956700092B5C /* SingleCubeExample */,
				9610A7F52591547D00605E51 /* shader.metal */,
				961D3D3325915064004B87A7 /* MetalView.swift */,
				9610A8282592005F00605E51 /* VideoRenderView.swift */,
			);
			path = Custom;
			sourceTree = "<group>";
		};
		9610A8362592BE0500605E51 /* Views */ = {
			isa = PBXGroup;
			children = (
				9610A8372592BE1B00605E51 /* DefaultMetalPreview.swift */,
			);
			path = Views;
			sourceTree = "<group>";
		};
		9640DE812593759600BCF32A /* Core */ = {
			isa = PBXGroup;
			children = (
				9610A82F2592B8F500605E51 /* Renderer.swift */,
				9640DE82259375A900BCF32A /* Engine.swift */,
				96D2D3C02595376000907F16 /* BufferManager.swift */,
				968A71E025A285C2008843A5 /* Node.swift */,
				968A71E825A285E6008843A5 /* Scene.swift */,
				968A71EF25A28612008843A5 /* MainCamera.swift */,
				968A720425A294C4008843A5 /* Uniforms.swift */,
				858D5CA425A51FE6007FF1D9 /* Material.swift */,
			);
			path = Core;
			sourceTree = "<group>";
		};
		9640DE9425938AB800BCF32A /* Objects */ = {
			isa = PBXGroup;
			children = (
				9640DE9525938AD000BCF32A /* GameObject.swift */,
				9601100F2594032000F7BAA6 /* MetalParticle.swift */,
				9601102B2594B30500F7BAA6 /* CubeObject.swift */,
				858D5C9D25A51866007FF1D9 /* SquareObject.swift */,
				858D5CAB25A52E8D007FF1D9 /* no_cover.png */,
			);
			path = Objects;
			sourceTree = "<group>";
		};
		965DFD9625936EC20032DE6E /* Metal */ = {
			isa = PBXGroup;
			children = (
				968A71D325A28061008843A5 /* Texture */,
				9640DE9425938AB800BCF32A /* Objects */,
				9640DE812593759600BCF32A /* Core */,
				9610A7F42591546A00605E51 /* Shader */,
				9603CFC825937004008FC87F /* Utils */,
				9610A8422592BF4A00605E51 /* MetalDefaultView.swift */,
			);
			path = Metal;
			sourceTree = "<group>";
		};
		968A71D325A28061008843A5 /* Texture */ = {
			isa = PBXGroup;
			children = (
				968A71D525A2807D008843A5 /* VideoTexture.swift */,
			);
			path = Texture;
			sourceTree = "<group>";
		};
		96E67BA825912B1B00080323 = {
			isa = PBXGroup;
			children = (
				96E67BAD25912B1B00080323 /* Shared */,
				96E67BBA25912B1E00080323 /* iOS */,
				96E67BC125912B1E00080323 /* macOS */,
				96E67BCB25912B1E00080323 /* Tests iOS */,
				96E67BD625912B1E00080323 /* Tests macOS */,
				96E67BB925912B1E00080323 /* Products */,
			);
			sourceTree = "<group>";
		};
		96E67BAD25912B1B00080323 /* Shared */ = {
			isa = PBXGroup;
			children = (
				965DFD9625936EC20032DE6E /* Metal */,
				9610A8362592BE0500605E51 /* Views */,
				9610A8272592004200605E51 /* Custom */,
				9610A8032591D80600605E51 /* Service */,
				96E67C162591394E00080323 /* Models */,
				96E67BB025912B1B00080323 /* ProjectExamplesApp.swift */,
				96E67BB125912B1B00080323 /* ContentView.swift */,
				96E67BB225912B1B00080323 /* Persistence.swift */,
				96E67BB325912B1E00080323 /* Assets.xcassets */,
				96E67BAE25912B1B00080323 /* ProjectExamples.xcdatamodeld */,
				965BF02025957B4D00E89621 /* replace.png */,
				96E67C0225912C4400080323 /* MainView.swift */,
				96E67C0925912C7200080323 /* ItemView.swift */,
				9610A7FC2591D7DF00605E51 /* files.xcassets */,
				9610A8202591E3E300605E51 /* videoplayback.mp4 */,
			);
			path = Shared;
			sourceTree = "<group>";
		};
		96E67BB925912B1E00080323 /* Products */ = {
			isa = PBXGroup;
			children = (
				96E67BB825912B1E00080323 /* ProjectExamples.app */,
				96E67BC025912B1E00080323 /* ProjectExamples.app */,
				96E67BC825912B1E00080323 /* Tests iOS.xctest */,
				96E67BD325912B1E00080323 /* Tests macOS.xctest */,
			);
			name = Products;
			sourceTree = "<group>";
		};
		96E67BBA25912B1E00080323 /* iOS */ = {
			isa = PBXGroup;
			children = (
				96E67BBB25912B1E00080323 /* Info.plist */,
			);
			path = iOS;
			sourceTree = "<group>";
		};
		96E67BC125912B1E00080323 /* macOS */ = {
			isa = PBXGroup;
			children = (
				96E67BC225912B1E00080323 /* Info.plist */,
				96E67BC325912B1E00080323 /* macOS.entitlements */,
			);
			path = macOS;
			sourceTree = "<group>";
		};
		96E67BCB25912B1E00080323 /* Tests iOS */ = {
			isa = PBXGroup;
			children = (
				96E67BCC25912B1E00080323 /* Tests_iOS.swift */,
				96E67BCE25912B1E00080323 /* Info.plist */,
			);
			path = "Tests iOS";
			sourceTree = "<group>";
		};
		96E67BD625912B1E00080323 /* Tests macOS */ = {
			isa = PBXGroup;
			children = (
				96E67BD725912B1E00080323 /* Tests_macOS.swift */,
				96E67BD925912B1E00080323 /* Info.plist */,
			);
			path = "Tests macOS";
			sourceTree = "<group>";
		};
		96E67C162591394E00080323 /* Models */ = {
			isa = PBXGroup;
			children = (
				96E67C172591396400080323 /* ListViewModel.swift */,
			);
			path = Models;
			sourceTree = "<group>";
		};
/* End PBXGroup section */

/* Begin PBXNativeTarget section */
		96E67BB725912B1E00080323 /* ProjectExamples (iOS) */ = {
			isa = PBXNativeTarget;
			buildConfigurationList = 96E67BE625912B1E00080323 /* Build configuration list for PBXNativeTarget "ProjectExamples (iOS)" */;
			buildPhases = (
				96E67BB425912B1E00080323 /* Sources */,
				96E67BB525912B1E00080323 /* Frameworks */,
				96E67BB625912B1E00080323 /* Resources */,
			);
			buildRules = (
			);
			dependencies = (
			);
			name = "ProjectExamples (iOS)";
			productName = "ProjectExamples (iOS)";
			productReference = 96E67BB825912B1E00080323 /* ProjectExamples.app */;
			productType = "com.apple.product-type.application";
		};
		96E67BBF25912B1E00080323 /* ProjectExamples (macOS) */ = {
			isa = PBXNativeTarget;
			buildConfigurationList = 96E67BE925912B1E00080323 /* Build configuration list for PBXNativeTarget "ProjectExamples (macOS)" */;
			buildPhases = (
				96E67BBC25912B1E00080323 /* Sources */,
				96E67BBD25912B1E00080323 /* Frameworks */,
				96E67BBE25912B1E00080323 /* Resources */,
			);
			buildRules = (
			);
			dependencies = (
			);
			name = "ProjectExamples (macOS)";
			productName = "ProjectExamples (macOS)";
			productReference = 96E67BC025912B1E00080323 /* ProjectExamples.app */;
			productType = "com.apple.product-type.application";
		};
		96E67BC725912B1E00080323 /* Tests iOS */ = {
			isa = PBXNativeTarget;
			buildConfigurationList = 96E67BEC25912B1E00080323 /* Build configuration list for PBXNativeTarget "Tests iOS" */;
			buildPhases = (
				96E67BC425912B1E00080323 /* Sources */,
				96E67BC525912B1E00080323 /* Frameworks */,
				96E67BC625912B1E00080323 /* Resources */,
			);
			buildRules = (
			);
			dependencies = (
				96E67BCA25912B1E00080323 /* PBXTargetDependency */,
			);
			name = "Tests iOS";
			productName = "Tests iOS";
			productReference = 96E67BC825912B1E00080323 /* Tests iOS.xctest */;
			productType = "com.apple.product-type.bundle.ui-testing";
		};
		96E67BD225912B1E00080323 /* Tests macOS */ = {
			isa = PBXNativeTarget;
			buildConfigurationList = 96E67BEF25912B1E00080323 /* Build configuration list for PBXNativeTarget "Tests macOS" */;
			buildPhases = (
				96E67BCF25912B1E00080323 /* Sources */,
				96E67BD025912B1E00080323 /* Frameworks */,
				96E67BD125912B1E00080323 /* Resources */,
			);
			buildRules = (
			);
			dependencies = (
				96E67BD525912B1E00080323 /* PBXTargetDependency */,
			);
			name = "Tests macOS";
			productName = "Tests macOS";
			productReference = 96E67BD325912B1E00080323 /* Tests macOS.xctest */;
			productType = "com.apple.product-type.bundle.ui-testing";
		};
/* End PBXNativeTarget section */

/* Begin PBXProject section */
		96E67BA925912B1B00080323 /* Project object */ = {
			isa = PBXProject;
			attributes = {
				LastSwiftUpdateCheck = 1220;
				LastUpgradeCheck = 1220;
				TargetAttributes = {
					96E67BB725912B1E00080323 = {
						CreatedOnToolsVersion = 12.2;
					};
					96E67BBF25912B1E00080323 = {
						CreatedOnToolsVersion = 12.2;
					};
					96E67BC725912B1E00080323 = {
						CreatedOnToolsVersion = 12.2;
						TestTargetID = 96E67BB725912B1E00080323;
					};
					96E67BD225912B1E00080323 = {
						CreatedOnToolsVersion = 12.2;
						TestTargetID = 96E67BBF25912B1E00080323;
					};
				};
			};
			buildConfigurationList = 96E67BAC25912B1B00080323 /* Build configuration list for PBXProject "ProjectExamples" */;
			compatibilityVersion = "Xcode 9.3";
			developmentRegion = en;
			hasScannedForEncodings = 0;
			knownRegions = (
				en,
				Base,
			);
			mainGroup = 96E67BA825912B1B00080323;
			productRefGroup = 96E67BB925912B1E00080323 /* Products */;
			projectDirPath = "";
			projectRoot = "";
			targets = (
				96E67BB725912B1E00080323 /* ProjectExamples (iOS) */,
				96E67BBF25912B1E00080323 /* ProjectExamples (macOS) */,
				96E67BC725912B1E00080323 /* Tests iOS */,
				96E67BD225912B1E00080323 /* Tests macOS */,
			);
		};
/* End PBXProject section */

/* Begin PBXResourcesBuildPhase section */
		96E67BB625912B1E00080323 /* Resources */ = {
			isa = PBXResourcesBuildPhase;
			buildActionMask = 2147483647;
			files = (
				858D5CAC25A52E8D007FF1D9 /* no_cover.png in Resources */,
				96E67BE225912B1E00080323 /* Assets.xcassets in Resources */,
				852DEF1625A795B700092B5C /* bmw.mtl in Resources */,
				9610A8212591E3E300605E51 /* videoplayback.mp4 in Resources */,
				852DEF1425A795B700092B5C /* bmw.obj in Resources */,
				852DEF0C25A795AB00092B5C /* cruiser.mtl in Resources */,
				965BF02125957B4D00E89621 /* replace.png in Resources */,
				9610A7FD2591D7E000605E51 /* files.xcassets in Resources */,
				852DEF0825A795AB00092B5C /* cruiser.obj in Resources */,
				852DEF0A25A795AB00092B5C /* cruiser.bmp in Resources */,
			);
			runOnlyForDeploymentPostprocessing = 0;
		};
		96E67BBE25912B1E00080323 /* Resources */ = {
			isa = PBXResourcesBuildPhase;
			buildActionMask = 2147483647;
			files = (
				858D5CAD25A52E8D007FF1D9 /* no_cover.png in Resources */,
				96E67BE325912B1E00080323 /* Assets.xcassets in Resources */,
				852DEF1725A795B700092B5C /* bmw.mtl in Resources */,
				9610A8222591E3E300605E51 /* videoplayback.mp4 in Resources */,
				852DEF1525A795B700092B5C /* bmw.obj in Resources */,
				852DEF0D25A795AB00092B5C /* cruiser.mtl in Resources */,
				965BF02225957B4D00E89621 /* replace.png in Resources */,
				9610A7FE2591D7E000605E51 /* files.xcassets in Resources */,
				852DEF0925A795AB00092B5C /* cruiser.obj in Resources */,
				852DEF0B25A795AB00092B5C /* cruiser.bmp in Resources */,
			);
			runOnlyForDeploymentPostprocessing = 0;
		};
		96E67BC625912B1E00080323 /* Resources */ = {
			isa = PBXResourcesBuildPhase;
			buildActionMask = 2147483647;
			files = (
			);
			runOnlyForDeploymentPostprocessing = 0;
		};
		96E67BD125912B1E00080323 /* Resources */ = {
			isa = PBXResourcesBuildPhase;
			buildActionMask = 2147483647;
			files = (
			);
			runOnlyForDeploymentPostprocessing = 0;
		};
/* End PBXResourcesBuildPhase section */

/* Begin PBXSourcesBuildPhase section */
		96E67BB425912B1E00080323 /* Sources */ = {
			isa = PBXSourcesBuildPhase;
			buildActionMask = 2147483647;
			files = (
				9610A8382592BE1B00605E51 /* DefaultMetalPreview.swift in Sources */,
				960110022593DFE300F7BAA6 /* MeshCoords+Extension.swift in Sources */,
				961D3D3425915064004B87A7 /* MetalView.swift in Sources */,
				96E67BDC25912B1E00080323 /* ProjectExamplesApp.swift in Sources */,
				852DEF1D25A795D100092B5C /* CustomMesh.swift in Sources */,
				960110332594B41800F7BAA6 /* Math.swift in Sources */,
				9640DE9625938AD000BCF32A /* GameObject.swift in Sources */,
				9603CFCB25937040008FC87F /* MetalSizable.swift in Sources */,
				968A71F025A28612008843A5 /* MainCamera.swift in Sources */,
				96E67C0A25912C7200080323 /* ItemView.swift in Sources */,
				9610A8432592BF4A00605E51 /* MetalDefaultView.swift in Sources */,
				960110092593FD5200F7BAA6 /* particles.metal in Sources */,
				96E67C182591396400080323 /* ListViewModel.swift in Sources */,
				9640DE83259375A900BCF32A /* Engine.swift in Sources */,
				960110102594032000F7BAA6 /* MetalParticle.swift in Sources */,
				968A71D625A2807D008843A5 /* VideoTexture.swift in Sources */,
				9610A8302592B8F500605E51 /* Renderer.swift in Sources */,
				96E67BE025912B1E00080323 /* Persistence.swift in Sources */,
				96E67BDA25912B1E00080323 /* ProjectExamples.xcdatamodeld in Sources */,
				9610A8292592005F00605E51 /* VideoRenderView.swift in Sources */,
				968A71FE25A28CE1008843A5 /* GeneralProtos.swift in Sources */,
				96010FFB2593D23500F7BAA6 /* float4x4+Extension.swift in Sources */,
				9601102C2594B30500F7BAA6 /* CubeObject.swift in Sources */,
				968A71E925A285E6008843A5 /* Scene.swift in Sources */,
				9610A8052591D81B00605E51 /* VideoPlaybackService.swift in Sources */,
				9603CFD625937168008FC87F /* SIMD+Extension.swift in Sources */,
				9610A7F62591547D00605E51 /* shader.metal in Sources */,
				858D5C9025A396A9007FF1D9 /* ControllableNode.swift in Sources */,
				96E67C0325912C4400080323 /* MainView.swift in Sources */,
				9640DE8E25937E5E00BCF32A /* Float+Extension.swift in Sources */,
				858D5C9E25A51866007FF1D9 /* SquareObject.swift in Sources */,
				96E67BDE25912B1E00080323 /* ContentView.swift in Sources */,
				96D2D3C12595376000907F16 /* BufferManager.swift in Sources */,
				858D5C9725A3AFB0007FF1D9 /* Keycode.swift in Sources */,
				968A71E125A285C2008843A5 /* Node.swift in Sources */,
				968A720525A294C4008843A5 /* Uniforms.swift in Sources */,
				858D5CB725A658EF007FF1D9 /* InstancedPawns.swift in Sources */,
				858D5CA525A51FE6007FF1D9 /* Material.swift in Sources */,
				968A71F725A28916008843A5 /* GLKMatrix4+Extension.swift in Sources */,
			);
			runOnlyForDeploymentPostprocessing = 0;
		};
		96E67BBC25912B1E00080323 /* Sources */ = {
			isa = PBXSourcesBuildPhase;
			buildActionMask = 2147483647;
			files = (
				9610A8392592BE1B00605E51 /* DefaultMetalPreview.swift in Sources */,
				960110032593DFE300F7BAA6 /* MeshCoords+Extension.swift in Sources */,
				961D3D3525915064004B87A7 /* MetalView.swift in Sources */,
				96E67BDD25912B1E00080323 /* ProjectExamplesApp.swift in Sources */,
				852DEF1E25A795D100092B5C /* CustomMesh.swift in Sources */,
				960110342594B41800F7BAA6 /* Math.swift in Sources */,
				9640DE9725938AD000BCF32A /* GameObject.swift in Sources */,
				9603CFCC25937040008FC87F /* MetalSizable.swift in Sources */,
				968A71F125A28612008843A5 /* MainCamera.swift in Sources */,
				96E67C0B25912C7200080323 /* ItemView.swift in Sources */,
				9610A8442592BF4A00605E51 /* MetalDefaultView.swift in Sources */,
				9601100A2593FD5200F7BAA6 /* particles.metal in Sources */,
				96E67C192591396400080323 /* ListViewModel.swift in Sources */,
				9640DE84259375A900BCF32A /* Engine.swift in Sources */,
				960110112594032000F7BAA6 /* MetalParticle.swift in Sources */,
				968A71D725A2807D008843A5 /* VideoTexture.swift in Sources */,
				9610A8312592B8F500605E51 /* Renderer.swift in Sources */,
				96E67BE125912B1E00080323 /* Persistence.swift in Sources */,
				96E67BDB25912B1E00080323 /* ProjectExamples.xcdatamodeld in Sources */,
				9610A82A2592005F00605E51 /* VideoRenderView.swift in Sources */,
				968A71FF25A28CE1008843A5 /* GeneralProtos.swift in Sources */,
				96010FFC2593D23500F7BAA6 /* float4x4+Extension.swift in Sources */,
				9601102D2594B30500F7BAA6 /* CubeObject.swift in Sources */,
				968A71EA25A285E6008843A5 /* Scene.swift in Sources */,
				9610A8062591D81B00605E51 /* VideoPlaybackService.swift in Sources */,
				9603CFD725937168008FC87F /* SIMD+Extension.swift in Sources */,
				9610A7F72591547D00605E51 /* shader.metal in Sources */,
				858D5C9125A396A9007FF1D9 /* ControllableNode.swift in Sources */,
				96E67C0425912C4400080323 /* MainView.swift in Sources */,
				9640DE8F25937E5E00BCF32A /* Float+Extension.swift in Sources */,
				858D5C9F25A51866007FF1D9 /* SquareObject.swift in Sources */,
				96E67BDF25912B1E00080323 /* ContentView.swift in Sources */,
				96D2D3C22595376000907F16 /* BufferManager.swift in Sources */,
				858D5C9825A3AFB0007FF1D9 /* Keycode.swift in Sources */,
				968A71E225A285C2008843A5 /* Node.swift in Sources */,
				968A720625A294C4008843A5 /* Uniforms.swift in Sources */,
				858D5CB825A658EF007FF1D9 /* InstancedPawns.swift in Sources */,
				858D5CA625A51FE6007FF1D9 /* Material.swift in Sources */,
				968A71F825A28916008843A5 /* GLKMatrix4+Extension.swift in Sources */,
			);
			runOnlyForDeploymentPostprocessing = 0;
		};
		96E67BC425912B1E00080323 /* Sources */ = {
			isa = PBXSourcesBuildPhase;
			buildActionMask = 2147483647;
			files = (
				96E67BCD25912B1E00080323 /* Tests_iOS.swift in Sources */,
			);
			runOnlyForDeploymentPostprocessing = 0;
		};
		96E67BCF25912B1E00080323 /* Sources */ = {
			isa = PBXSourcesBuildPhase;
			buildActionMask = 2147483647;
			files = (
				96E67BD825912B1E00080323 /* Tests_macOS.swift in Sources */,
			);
			runOnlyForDeploymentPostprocessing = 0;
		};
/* End PBXSourcesBuildPhase section */

/* Begin PBXTargetDependency section */
		96E67BCA25912B1E00080323 /* PBXTargetDependency */ = {
			isa = PBXTargetDependency;
			target = 96E67BB725912B1E00080323 /* ProjectExamples (iOS) */;
			targetProxy = 96E67BC925912B1E00080323 /* PBXContainerItemProxy */;
		};
		96E67BD525912B1E00080323 /* PBXTargetDependency */ = {
			isa = PBXTargetDependency;
			target = 96E67BBF25912B1E00080323 /* ProjectExamples (macOS) */;
			targetProxy = 96E67BD425912B1E00080323 /* PBXContainerItemProxy */;
		};
/* End PBXTargetDependency section */

/* Begin XCBuildConfiguration section */
		96E67BE425912B1E00080323 /* Debug */ = {
			isa = XCBuildConfiguration;
			buildSettings = {
				ALWAYS_SEARCH_USER_PATHS = NO;
				CLANG_ANALYZER_NONNULL = YES;
				CLANG_ANALYZER_NUMBER_OBJECT_CONVERSION = YES_AGGRESSIVE;
				CLANG_CXX_LANGUAGE_STANDARD = "gnu++14";
				CLANG_CXX_LIBRARY = "libc++";
				CLANG_ENABLE_MODULES = YES;
				CLANG_ENABLE_OBJC_ARC = YES;
				CLANG_ENABLE_OBJC_WEAK = YES;
				CLANG_WARN_BLOCK_CAPTURE_AUTORELEASING = YES;
				CLANG_WARN_BOOL_CONVERSION = YES;
				CLANG_WARN_COMMA = YES;
				CLANG_WARN_CONSTANT_CONVERSION = YES;
				CLANG_WARN_DEPRECATED_OBJC_IMPLEMENTATIONS = YES;
				CLANG_WARN_DIRECT_OBJC_ISA_USAGE = YES_ERROR;
				CLANG_WARN_DOCUMENTATION_COMMENTS = YES;
				CLANG_WARN_EMPTY_BODY = YES;
				CLANG_WARN_ENUM_CONVERSION = YES;
				CLANG_WARN_INFINITE_RECURSION = YES;
				CLANG_WARN_INT_CONVERSION = YES;
				CLANG_WARN_NON_LITERAL_NULL_CONVERSION = YES;
				CLANG_WARN_OBJC_IMPLICIT_RETAIN_SELF = YES;
				CLANG_WARN_OBJC_LITERAL_CONVERSION = YES;
				CLANG_WARN_OBJC_ROOT_CLASS = YES_ERROR;
				CLANG_WARN_QUOTED_INCLUDE_IN_FRAMEWORK_HEADER = YES;
				CLANG_WARN_RANGE_LOOP_ANALYSIS = YES;
				CLANG_WARN_STRICT_PROTOTYPES = YES;
				CLANG_WARN_SUSPICIOUS_MOVE = YES;
				CLANG_WARN_UNGUARDED_AVAILABILITY = YES_AGGRESSIVE;
				CLANG_WARN_UNREACHABLE_CODE = YES;
				CLANG_WARN__DUPLICATE_METHOD_MATCH = YES;
				COPY_PHASE_STRIP = NO;
				DEBUG_INFORMATION_FORMAT = dwarf;
				ENABLE_STRICT_OBJC_MSGSEND = YES;
				ENABLE_TESTABILITY = YES;
				GCC_C_LANGUAGE_STANDARD = gnu11;
				GCC_DYNAMIC_NO_PIC = NO;
				GCC_NO_COMMON_BLOCKS = YES;
				GCC_OPTIMIZATION_LEVEL = 0;
				GCC_PREPROCESSOR_DEFINITIONS = (
					"DEBUG=1",
					"$(inherited)",
				);
				GCC_WARN_64_TO_32_BIT_CONVERSION = YES;
				GCC_WARN_ABOUT_RETURN_TYPE = YES_ERROR;
				GCC_WARN_UNDECLARED_SELECTOR = YES;
				GCC_WARN_UNINITIALIZED_AUTOS = YES_AGGRESSIVE;
				GCC_WARN_UNUSED_FUNCTION = YES;
				GCC_WARN_UNUSED_VARIABLE = YES;
				MTL_ENABLE_DEBUG_INFO = INCLUDE_SOURCE;
				MTL_FAST_MATH = YES;
				ONLY_ACTIVE_ARCH = YES;
				SWIFT_ACTIVE_COMPILATION_CONDITIONS = DEBUG;
				SWIFT_OPTIMIZATION_LEVEL = "-Onone";
			};
			name = Debug;
		};
		96E67BE525912B1E00080323 /* Release */ = {
			isa = XCBuildConfiguration;
			buildSettings = {
				ALWAYS_SEARCH_USER_PATHS = NO;
				CLANG_ANALYZER_NONNULL = YES;
				CLANG_ANALYZER_NUMBER_OBJECT_CONVERSION = YES_AGGRESSIVE;
				CLANG_CXX_LANGUAGE_STANDARD = "gnu++14";
				CLANG_CXX_LIBRARY = "libc++";
				CLANG_ENABLE_MODULES = YES;
				CLANG_ENABLE_OBJC_ARC = YES;
				CLANG_ENABLE_OBJC_WEAK = YES;
				CLANG_WARN_BLOCK_CAPTURE_AUTORELEASING = YES;
				CLANG_WARN_BOOL_CONVERSION = YES;
				CLANG_WARN_COMMA = YES;
				CLANG_WARN_CONSTANT_CONVERSION = YES;
				CLANG_WARN_DEPRECATED_OBJC_IMPLEMENTATIONS = YES;
				CLANG_WARN_DIRECT_OBJC_ISA_USAGE = YES_ERROR;
				CLANG_WARN_DOCUMENTATION_COMMENTS = YES;
				CLANG_WARN_EMPTY_BODY = YES;
				CLANG_WARN_ENUM_CONVERSION = YES;
				CLANG_WARN_INFINITE_RECURSION = YES;
				CLANG_WARN_INT_CONVERSION = YES;
				CLANG_WARN_NON_LITERAL_NULL_CONVERSION = YES;
				CLANG_WARN_OBJC_IMPLICIT_RETAIN_SELF = YES;
				CLANG_WARN_OBJC_LITERAL_CONVERSION = YES;
				CLANG_WARN_OBJC_ROOT_CLASS = YES_ERROR;
				CLANG_WARN_QUOTED_INCLUDE_IN_FRAMEWORK_HEADER = YES;
				CLANG_WARN_RANGE_LOOP_ANALYSIS = YES;
				CLANG_WARN_STRICT_PROTOTYPES = YES;
				CLANG_WARN_SUSPICIOUS_MOVE = YES;
				CLANG_WARN_UNGUARDED_AVAILABILITY = YES_AGGRESSIVE;
				CLANG_WARN_UNREACHABLE_CODE = YES;
				CLANG_WARN__DUPLICATE_METHOD_MATCH = YES;
				COPY_PHASE_STRIP = NO;
				DEBUG_INFORMATION_FORMAT = "dwarf-with-dsym";
				ENABLE_NS_ASSERTIONS = NO;
				ENABLE_STRICT_OBJC_MSGSEND = YES;
				GCC_C_LANGUAGE_STANDARD = gnu11;
				GCC_NO_COMMON_BLOCKS = YES;
				GCC_WARN_64_TO_32_BIT_CONVERSION = YES;
				GCC_WARN_ABOUT_RETURN_TYPE = YES_ERROR;
				GCC_WARN_UNDECLARED_SELECTOR = YES;
				GCC_WARN_UNINITIALIZED_AUTOS = YES_AGGRESSIVE;
				GCC_WARN_UNUSED_FUNCTION = YES;
				GCC_WARN_UNUSED_VARIABLE = YES;
				MTL_ENABLE_DEBUG_INFO = NO;
				MTL_FAST_MATH = YES;
				SWIFT_COMPILATION_MODE = wholemodule;
				SWIFT_OPTIMIZATION_LEVEL = "-O";
			};
			name = Release;
		};
		96E67BE725912B1E00080323 /* Debug */ = {
			isa = XCBuildConfiguration;
			buildSettings = {
				ASSETCATALOG_COMPILER_APPICON_NAME = AppIcon;
				ASSETCATALOG_COMPILER_GLOBAL_ACCENT_COLOR_NAME = AccentColor;
				CODE_SIGN_IDENTITY = "iPhone Developer";
				CODE_SIGN_STYLE = Manual;
				DEVELOPMENT_TEAM = AGHA3VWM5L;
				ENABLE_PREVIEWS = YES;
				INFOPLIST_FILE = iOS/Info.plist;
				IPHONEOS_DEPLOYMENT_TARGET = 14.0;
				LD_RUNPATH_SEARCH_PATHS = (
					"$(inherited)",
					"@executable_path/Frameworks",
				);
				PRODUCT_BUNDLE_IDENTIFIER = com.examples.ProjectExamples;
				PRODUCT_NAME = ProjectExamples;
				PROVISIONING_PROFILE_SPECIFIER = examples_dev;
				SDKROOT = iphoneos;
				SWIFT_VERSION = 5.0;
				TARGETED_DEVICE_FAMILY = 1;
			};
			name = Debug;
		};
		96E67BE825912B1E00080323 /* Release */ = {
			isa = XCBuildConfiguration;
			buildSettings = {
				ASSETCATALOG_COMPILER_APPICON_NAME = AppIcon;
				ASSETCATALOG_COMPILER_GLOBAL_ACCENT_COLOR_NAME = AccentColor;
				CODE_SIGN_IDENTITY = "iPhone Developer";
				CODE_SIGN_STYLE = Manual;
				DEVELOPMENT_TEAM = AGHA3VWM5L;
				ENABLE_PREVIEWS = YES;
				INFOPLIST_FILE = iOS/Info.plist;
				IPHONEOS_DEPLOYMENT_TARGET = 14.0;
				LD_RUNPATH_SEARCH_PATHS = (
					"$(inherited)",
					"@executable_path/Frameworks",
				);
				PRODUCT_BUNDLE_IDENTIFIER = com.examples.ProjectExamples;
				PRODUCT_NAME = ProjectExamples;
				PROVISIONING_PROFILE_SPECIFIER = examples_dev;
				SDKROOT = iphoneos;
				SWIFT_VERSION = 5.0;
				TARGETED_DEVICE_FAMILY = 1;
				VALIDATE_PRODUCT = YES;
			};
			name = Release;
		};
		96E67BEA25912B1E00080323 /* Debug */ = {
			isa = XCBuildConfiguration;
			buildSettings = {
				ASSETCATALOG_COMPILER_APPICON_NAME = AppIcon;
				ASSETCATALOG_COMPILER_GLOBAL_ACCENT_COLOR_NAME = AccentColor;
				CODE_SIGN_ENTITLEMENTS = macOS/macOS.entitlements;
				CODE_SIGN_STYLE = Automatic;
				COMBINE_HIDPI_IMAGES = YES;
				DEVELOPMENT_TEAM = AGHA3VWM5L;
				ENABLE_HARDENED_RUNTIME = YES;
				ENABLE_PREVIEWS = YES;
				INFOPLIST_FILE = macOS/Info.plist;
				LD_RUNPATH_SEARCH_PATHS = (
					"$(inherited)",
					"@executable_path/../Frameworks",
				);
				MACOSX_DEPLOYMENT_TARGET = 11.0;
				PRODUCT_BUNDLE_IDENTIFIER = com.examples.ProjectExamples;
				PRODUCT_NAME = ProjectExamples;
				SDKROOT = macosx;
				SWIFT_VERSION = 5.0;
			};
			name = Debug;
		};
		96E67BEB25912B1E00080323 /* Release */ = {
			isa = XCBuildConfiguration;
			buildSettings = {
				ASSETCATALOG_COMPILER_APPICON_NAME = AppIcon;
				ASSETCATALOG_COMPILER_GLOBAL_ACCENT_COLOR_NAME = AccentColor;
				CODE_SIGN_ENTITLEMENTS = macOS/macOS.entitlements;
				CODE_SIGN_STYLE = Automatic;
				COMBINE_HIDPI_IMAGES = YES;
				DEVELOPMENT_TEAM = AGHA3VWM5L;
				ENABLE_HARDENED_RUNTIME = YES;
				ENABLE_PREVIEWS = YES;
				INFOPLIST_FILE = macOS/Info.plist;
				LD_RUNPATH_SEARCH_PATHS = (
					"$(inherited)",
					"@executable_path/../Frameworks",
				);
				MACOSX_DEPLOYMENT_TARGET = 11.0;
				PRODUCT_BUNDLE_IDENTIFIER = com.examples.ProjectExamples;
				PRODUCT_NAME = ProjectExamples;
				SDKROOT = macosx;
				SWIFT_VERSION = 5.0;
			};
			name = Release;
		};
		96E67BED25912B1E00080323 /* Debug */ = {
			isa = XCBuildConfiguration;
			buildSettings = {
				ALWAYS_EMBED_SWIFT_STANDARD_LIBRARIES = YES;
				CODE_SIGN_STYLE = Automatic;
				DEVELOPMENT_TEAM = AGHA3VWM5L;
				INFOPLIST_FILE = "Tests iOS/Info.plist";
				IPHONEOS_DEPLOYMENT_TARGET = 14.2;
				LD_RUNPATH_SEARCH_PATHS = (
					"$(inherited)",
					"@executable_path/Frameworks",
					"@loader_path/Frameworks",
				);
				PRODUCT_BUNDLE_IDENTIFIER = "com.examples.Tests-iOS";
				PRODUCT_NAME = "$(TARGET_NAME)";
				SDKROOT = iphoneos;
				SWIFT_VERSION = 5.0;
				TARGETED_DEVICE_FAMILY = "1,2";
				TEST_TARGET_NAME = "ProjectExamples (iOS)";
			};
			name = Debug;
		};
		96E67BEE25912B1E00080323 /* Release */ = {
			isa = XCBuildConfiguration;
			buildSettings = {
				ALWAYS_EMBED_SWIFT_STANDARD_LIBRARIES = YES;
				CODE_SIGN_STYLE = Automatic;
				DEVELOPMENT_TEAM = AGHA3VWM5L;
				INFOPLIST_FILE = "Tests iOS/Info.plist";
				IPHONEOS_DEPLOYMENT_TARGET = 14.2;
				LD_RUNPATH_SEARCH_PATHS = (
					"$(inherited)",
					"@executable_path/Frameworks",
					"@loader_path/Frameworks",
				);
				PRODUCT_BUNDLE_IDENTIFIER = "com.examples.Tests-iOS";
				PRODUCT_NAME = "$(TARGET_NAME)";
				SDKROOT = iphoneos;
				SWIFT_VERSION = 5.0;
				TARGETED_DEVICE_FAMILY = "1,2";
				TEST_TARGET_NAME = "ProjectExamples (iOS)";
				VALIDATE_PRODUCT = YES;
			};
			name = Release;
		};
		96E67BF025912B1E00080323 /* Debug */ = {
			isa = XCBuildConfiguration;
			buildSettings = {
				ALWAYS_EMBED_SWIFT_STANDARD_LIBRARIES = YES;
				CODE_SIGN_STYLE = Automatic;
				COMBINE_HIDPI_IMAGES = YES;
				DEVELOPMENT_TEAM = AGHA3VWM5L;
				INFOPLIST_FILE = "Tests macOS/Info.plist";
				LD_RUNPATH_SEARCH_PATHS = (
					"$(inherited)",
					"@executable_path/../Frameworks",
					"@loader_path/../Frameworks",
				);
				MACOSX_DEPLOYMENT_TARGET = 10.15;
				PRODUCT_BUNDLE_IDENTIFIER = "com.examples.Tests-macOS";
				PRODUCT_NAME = "$(TARGET_NAME)";
				SDKROOT = macosx;
				SWIFT_VERSION = 5.0;
				TEST_TARGET_NAME = "ProjectExamples (macOS)";
			};
			name = Debug;
		};
		96E67BF125912B1E00080323 /* Release */ = {
			isa = XCBuildConfiguration;
			buildSettings = {
				ALWAYS_EMBED_SWIFT_STANDARD_LIBRARIES = YES;
				CODE_SIGN_STYLE = Automatic;
				COMBINE_HIDPI_IMAGES = YES;
				DEVELOPMENT_TEAM = AGHA3VWM5L;
				INFOPLIST_FILE = "Tests macOS/Info.plist";
				LD_RUNPATH_SEARCH_PATHS = (
					"$(inherited)",
					"@executable_path/../Frameworks",
					"@loader_path/../Frameworks",
				);
				MACOSX_DEPLOYMENT_TARGET = 10.15;
				PRODUCT_BUNDLE_IDENTIFIER = "com.examples.Tests-macOS";
				PRODUCT_NAME = "$(TARGET_NAME)";
				SDKROOT = macosx;
				SWIFT_VERSION = 5.0;
				TEST_TARGET_NAME = "ProjectExamples (macOS)";
			};
			name = Release;
		};
/* End XCBuildConfiguration section */

/* Begin XCConfigurationList section */
		96E67BAC25912B1B00080323 /* Build configuration list for PBXProject "ProjectExamples" */ = {
			isa = XCConfigurationList;
			buildConfigurations = (
				96E67BE425912B1E00080323 /* Debug */,
				96E67BE525912B1E00080323 /* Release */,
			);
			defaultConfigurationIsVisible = 0;
			defaultConfigurationName = Release;
		};
		96E67BE625912B1E00080323 /* Build configuration list for PBXNativeTarget "ProjectExamples (iOS)" */ = {
			isa = XCConfigurationList;
			buildConfigurations = (
				96E67BE725912B1E00080323 /* Debug */,
				96E67BE825912B1E00080323 /* Release */,
			);
			defaultConfigurationIsVisible = 0;
			defaultConfigurationName = Release;
		};
		96E67BE925912B1E00080323 /* Build configuration list for PBXNativeTarget "ProjectExamples (macOS)" */ = {
			isa = XCConfigurationList;
			buildConfigurations = (
				96E67BEA25912B1E00080323 /* Debug */,
				96E67BEB25912B1E00080323 /* Release */,
			);
			defaultConfigurationIsVisible = 0;
			defaultConfigurationName = Release;
		};
		96E67BEC25912B1E00080323 /* Build configuration list for PBXNativeTarget "Tests iOS" */ = {
			isa = XCConfigurationList;
			buildConfigurations = (
				96E67BED25912B1E00080323 /* Debug */,
				96E67BEE25912B1E00080323 /* Release */,
			);
			defaultConfigurationIsVisible = 0;
			defaultConfigurationName = Release;
		};
		96E67BEF25912B1E00080323 /* Build configuration list for PBXNativeTarget "Tests macOS" */ = {
			isa = XCConfigurationList;
			buildConfigurations = (
				96E67BF025912B1E00080323 /* Debug */,
				96E67BF125912B1E00080323 /* Release */,
			);
			defaultConfigurationIsVisible = 0;
			defaultConfigurationName = Release;
		};
/* End XCConfigurationList section */

/* Begin XCVersionGroup section */
		96E67BAE25912B1B00080323 /* ProjectExamples.xcdatamodeld */ = {
			isa = XCVersionGroup;
			children = (
				96E67BAF25912B1B00080323 /* Shared.xcdatamodel */,
			);
			currentVersion = 96E67BAF25912B1B00080323 /* Shared.xcdatamodel */;
			path = ProjectExamples.xcdatamodeld;
			sourceTree = "<group>";
			versionGroupType = wrapper.xcdatamodel;
		};
/* End XCVersionGroup section */
	};
	rootObject = 96E67BA925912B1B00080323 /* Project object */;
}
